
Microsoft Visual Studio Solution File, Format Version 12.00
# Visual Studio Version 16
VisualStudioVersion = 16.0.30011.22
MinimumVisualStudioVersion = 10.0.40219.1
Project("{8BC9CEB8-8B4A-11D0-8D11-00A0C91BC942}") = "ZonxVirtualDevice", "ZonxVirtualDevice\ZonxVirtualDevice.vcxproj", "{2D54CB75-8B17-4F11-97DC-847B0244CD46}"
EndProject
Project("{9A19103F-16F7-4668-BE54-9A1E7A4F7556}") = "ZonxConsoleTest", "ZonxConsoleTest\ZonxConsoleTest.csproj", "{3AFF9112-3E8A-4FB0-B435-E62C80A1D22C}"
EndProject
Project("{9A19103F-16F7-4668-BE54-9A1E7A4F7556}") = "ZonxVirtualClient", "ZonxVirtualClient\ZonxVirtualClient.csproj", "{57538AA1-D54C-4B3D-97E5-5BE0B67C75A4}"
EndProject
Project("{9A19103F-16F7-4668-BE54-9A1E7A4F7556}") = "ZonxWinAPI", "ZonxWinAPI\ZonxWinAPI.csproj", "{6E4AD79F-EE43-4C2E-9B54-19232E167F09}"
EndProject
Project("{8BC9CEB8-8B4A-11D0-8D11-00A0C91BC942}") = "ZonxDeviceManage", "ZonxDeviceManage\ZonxDeviceManage.vcxproj", "{36E989A5-CE5E-42E4-B1B2-C9A98D893C69}"
EndProject
Global
	GlobalSection(SolutionConfigurationPlatforms) = preSolution
		Debug|Any CPU = Debug|Any CPU
		Debug|ARM = Debug|ARM
		Debug|ARM64 = Debug|ARM64
		Debug|x64 = Debug|x64
		Debug|x86 = Debug|x86
		Release|Any CPU = Release|Any CPU
		Release|ARM = Release|ARM
		Release|ARM64 = Release|ARM64
		Release|x64 = Release|x64
		Release|x86 = Release|x86
	EndGlobalSection
	GlobalSection(ProjectConfigurationPlatforms) = postSolution
		{2D54CB75-8B17-4F11-97DC-847B0244CD46}.Debug|Any CPU.ActiveCfg = Debug|Win32
		{2D54CB75-8B17-4F11-97DC-847B0244CD46}.Debug|ARM.ActiveCfg = Debug|ARM
		{2D54CB75-8B17-4F11-97DC-847B0244CD46}.Debug|ARM.Build.0 = Debug|ARM
		{2D54CB75-8B17-4F11-97DC-847B0244CD46}.Debug|ARM.Deploy.0 = Debug|ARM
		{2D54CB75-8B17-4F11-97DC-847B0244CD46}.Debug|ARM64.ActiveCfg = Debug|ARM64
		{2D54CB75-8B17-4F11-97DC-847B0244CD46}.Debug|ARM64.Build.0 = Debug|ARM64
		{2D54CB75-8B17-4F11-97DC-847B0244CD46}.Debug|ARM64.Deploy.0 = Debug|ARM64
		{2D54CB75-8B17-4F11-97DC-847B0244CD46}.Debug|x64.ActiveCfg = Debug|x64
		{2D54CB75-8B17-4F11-97DC-847B0244CD46}.Debug|x64.Build.0 = Debug|x64
		{2D54CB75-8B17-4F11-97DC-847B0244CD46}.Debug|x64.Deploy.0 = Debug|x64
		{2D54CB75-8B17-4F11-97DC-847B0244CD46}.Debug|x86.ActiveCfg = Debug|Win32
		{2D54CB75-8B17-4F11-97DC-847B0244CD46}.Debug|x86.Build.0 = Debug|Win32
		{2D54CB75-8B17-4F11-97DC-847B0244CD46}.Debug|x86.Deploy.0 = Debug|Win32
		{2D54CB75-8B17-4F11-97DC-847B0244CD46}.Release|Any CPU.ActiveCfg = Release|Win32
		{2D54CB75-8B17-4F11-97DC-847B0244CD46}.Release|ARM.ActiveCfg = Release|ARM
		{2D54CB75-8B17-4F11-97DC-847B0244CD46}.Release|ARM.Build.0 = Release|ARM
		{2D54CB75-8B17-4F11-97DC-847B0244CD46}.Release|ARM.Deploy.0 = Release|ARM
		{2D54CB75-8B17-4F11-97DC-847B0244CD46}.Release|ARM64.ActiveCfg = Release|ARM64
		{2D54CB75-8B17-4F11-97DC-847B0244CD46}.Release|ARM64.Build.0 = Release|ARM64
		{2D54CB75-8B17-4F11-97DC-847B0244CD46}.Release|ARM64.Deploy.0 = Release|ARM64
		{2D54CB75-8B17-4F11-97DC-847B0244CD46}.Release|x64.ActiveCfg = Release|x64
		{2D54CB75-8B17-4F11-97DC-847B0244CD46}.Release|x64.Build.0 = Release|x64
		{2D54CB75-8B17-4F11-97DC-847B0244CD46}.Release|x64.Deploy.0 = Release|x64
		{2D54CB75-8B17-4F11-97DC-847B0244CD46}.Release|x86.ActiveCfg = Release|Win32
		{2D54CB75-8B17-4F11-97DC-847B0244CD46}.Release|x86.Build.0 = Release|Win32
		{2D54CB75-8B17-4F11-97DC-847B0244CD46}.Release|x86.Deploy.0 = Release|Win32
		{3AFF9112-3E8A-4FB0-B435-E62C80A1D22C}.Debug|Any CPU.ActiveCfg = Debug|Any CPU
		{3AFF9112-3E8A-4FB0-B435-E62C80A1D22C}.Debug|Any CPU.Build.0 = Debug|Any CPU
		{3AFF9112-3E8A-4FB0-B435-E62C80A1D22C}.Debug|ARM.ActiveCfg = Debug|Any CPU
		{3AFF9112-3E8A-4FB0-B435-E62C80A1D22C}.Debug|ARM.Build.0 = Debug|Any CPU
		{3AFF9112-3E8A-4FB0-B435-E62C80A1D22C}.Debug|ARM64.ActiveCfg = Debug|Any CPU
		{3AFF9112-3E8A-4FB0-B435-E62C80A1D22C}.Debug|ARM64.Build.0 = Debug|Any CPU
		{3AFF9112-3E8A-4FB0-B435-E62C80A1D22C}.Debug|x64.ActiveCfg = Debug|Any CPU
		{3AFF9112-3E8A-4FB0-B435-E62C80A1D22C}.Debug|x64.Build.0 = Debug|Any CPU
		{3AFF9112-3E8A-4FB0-B435-E62C80A1D22C}.Debug|x86.ActiveCfg = Debug|Any CPU
		{3AFF9112-3E8A-4FB0-B435-E62C80A1D22C}.Debug|x86.Build.0 = Debug|Any CPU
		{3AFF9112-3E8A-4FB0-B435-E62C80A1D22C}.Release|Any CPU.ActiveCfg = Release|Any CPU
		{3AFF9112-3E8A-4FB0-B435-E62C80A1D22C}.Release|Any CPU.Build.0 = Release|Any CPU
		{3AFF9112-3E8A-4FB0-B435-E62C80A1D22C}.Release|ARM.ActiveCfg = Release|Any CPU
		{3AFF9112-3E8A-4FB0-B435-E62C80A1D22C}.Release|ARM.Build.0 = Release|Any CPU
		{3AFF9112-3E8A-4FB0-B435-E62C80A1D22C}.Release|ARM64.ActiveCfg = Release|Any CPU
		{3AFF9112-3E8A-4FB0-B435-E62C80A1D22C}.Release|ARM64.Build.0 = Release|Any CPU
		{3AFF9112-3E8A-4FB0-B435-E62C80A1D22C}.Release|x64.ActiveCfg = Release|Any CPU
		{3AFF9112-3E8A-4FB0-B435-E62C80A1D22C}.Release|x64.Build.0 = Release|Any CPU
		{3AFF9112-3E8A-4FB0-B435-E62C80A1D22C}.Release|x86.ActiveCfg = Release|Any CPU
		{3AFF9112-3E8A-4FB0-B435-E62C80A1D22C}.Release|x86.Build.0 = Release|Any CPU
		{57538AA1-D54C-4B3D-97E5-5BE0B67C75A4}.Debug|Any CPU.ActiveCfg = Debug|Any CPU
		{57538AA1-D54C-4B3D-97E5-5BE0B67C75A4}.Debug|Any CPU.Build.0 = Debug|Any CPU
		{57538AA1-D54C-4B3D-97E5-5BE0B67C75A4}.Debug|ARM.ActiveCfg = Debug|Any CPU
		{57538AA1-D54C-4B3D-97E5-5BE0B67C75A4}.Debug|ARM.Build.0 = Debug|Any CPU
		{57538AA1-D54C-4B3D-97E5-5BE0B67C75A4}.Debug|ARM64.ActiveCfg = Debug|Any CPU
		{57538AA1-D54C-4B3D-97E5-5BE0B67C75A4}.Debug|ARM64.Build.0 = Debug|Any CPU
		{57538AA1-D54C-4B3D-97E5-5BE0B67C75A4}.Debug|x64.ActiveCfg = Debug|Any CPU
		{57538AA1-D54C-4B3D-97E5-5BE0B67C75A4}.Debug|x64.Build.0 = Debug|Any CPU
		{57538AA1-D54C-4B3D-97E5-5BE0B67C75A4}.Debug|x86.ActiveCfg = Debug|Any CPU
		{57538AA1-D54C-4B3D-97E5-5BE0B67C75A4}.Debug|x86.Build.0 = Debug|Any CPU
		{57538AA1-D54C-4B3D-97E5-5BE0B67C75A4}.Release|Any CPU.ActiveCfg = Release|Any CPU
		{57538AA1-D54C-4B3D-97E5-5BE0B67C75A4}.Release|Any CPU.Build.0 = Release|Any CPU
		{57538AA1-D54C-4B3D-97E5-5BE0B67C75A4}.Release|ARM.ActiveCfg = Release|Any CPU
		{57538AA1-D54C-4B3D-97E5-5BE0B67C75A4}.Release|ARM.Build.0 = Release|Any CPU
		{57538AA1-D54C-4B3D-97E5-5BE0B67C75A4}.Release|ARM64.ActiveCfg = Release|Any CPU
		{57538AA1-D54C-4B3D-97E5-5BE0B67C75A4}.Release|ARM64.Build.0 = Release|Any CPU
		{57538AA1-D54C-4B3D-97E5-5BE0B67C75A4}.Release|x64.ActiveCfg = Release|Any CPU
		{57538AA1-D54C-4B3D-97E5-5BE0B67C75A4}.Release|x64.Build.0 = Release|Any CPU
		{57538AA1-D54C-4B3D-97E5-5BE0B67C75A4}.Release|x86.ActiveCfg = Release|Any CPU
		{57538AA1-D54C-4B3D-97E5-5BE0B67C75A4}.Release|x86.Build.0 = Release|Any CPU
		{6E4AD79F-EE43-4C2E-9B54-19232E167F09}.Debug|Any CPU.ActiveCfg = Debug|Any CPU
		{6E4AD79F-EE43-4C2E-9B54-19232E167F09}.Debug|Any CPU.Build.0 = Debug|Any CPU
		{6E4AD79F-EE43-4C2E-9B54-19232E167F09}.Debug|ARM.ActiveCfg = Debug|Any CPU
		{6E4AD79F-EE43-4C2E-9B54-19232E167F09}.Debug|ARM.Build.0 = Debug|Any CPU
		{6E4AD79F-EE43-4C2E-9B54-19232E167F09}.Debug|ARM64.ActiveCfg = Debug|Any CPU
		{6E4AD79F-EE43-4C2E-9B54-19232E167F09}.Debug|ARM64.Build.0 = Debug|Any CPU
		{6E4AD79F-EE43-4C2E-9B54-19232E167F09}.Debug|x64.ActiveCfg = Debug|Any CPU
		{6E4AD79F-EE43-4C2E-9B54-19232E167F09}.Debug|x64.Build.0 = Debug|Any CPU
		{6E4AD79F-EE43-4C2E-9B54-19232E167F09}.Debug|x86.ActiveCfg = Debug|Any CPU
		{6E4AD79F-EE43-4C2E-9B54-19232E167F09}.Debug|x86.Build.0 = Debug|Any CPU
		{6E4AD79F-EE43-4C2E-9B54-19232E167F09}.Release|Any CPU.ActiveCfg = Release|Any CPU
		{6E4AD79F-EE43-4C2E-9B54-19232E167F09}.Release|Any CPU.Build.0 = Release|Any CPU
		{6E4AD79F-EE43-4C2E-9B54-19232E167F09}.Release|ARM.ActiveCfg = Release|Any CPU
		{6E4AD79F-EE43-4C2E-9B54-19232E167F09}.Release|ARM.Build.0 = Release|Any CPU
		{6E4AD79F-EE43-4C2E-9B54-19232E167F09}.Release|ARM64.ActiveCfg = Release|Any CPU
		{6E4AD79F-EE43-4C2E-9B54-19232E167F09}.Release|ARM64.Build.0 = Release|Any CPU
		{6E4AD79F-EE43-4C2E-9B54-19232E167F09}.Release|x64.ActiveCfg = Release|Any CPU
		{6E4AD79F-EE43-4C2E-9B54-19232E167F09}.Release|x64.Build.0 = Release|Any CPU
		{6E4AD79F-EE43-4C2E-9B54-19232E167F09}.Release|x86.ActiveCfg = Release|Any CPU
		{6E4AD79F-EE43-4C2E-9B54-19232E167F09}.Release|x86.Build.0 = Release|Any CPU
		{36E989A5-CE5E-42E4-B1B2-C9A98D893C69}.Debug|Any CPU.ActiveCfg = Debug|Win32
		{36E989A5-CE5E-42E4-B1B2-C9A98D893C69}.Debug|ARM.ActiveCfg = Debug|Win32
		{36E989A5-CE5E-42E4-B1B2-C9A98D893C69}.Debug|ARM64.ActiveCfg = Debug|Win32
		{36E989A5-CE5E-42E4-B1B2-C9A98D893C69}.Debug|x64.ActiveCfg = Debug|x64
		{36E989A5-CE5E-42E4-B1B2-C9A98D893C69}.Debug|x64.Build.0 = Debug|x64
		{36E989A5-CE5E-42E4-B1B2-C9A98D893C69}.Debug|x86.ActiveCfg = Debug|Win32
		{36E989A5-CE5E-42E4-B1B2-C9A98D893C69}.Debug|x86.Build.0 = Debug|Win32
		{36E989A5-CE5E-42E4-B1B2-C9A98D893C69}.Release|Any CPU.ActiveCfg = Release|Win32
		{36E989A5-CE5E-42E4-B1B2-C9A98D893C69}.Release|ARM.ActiveCfg = Release|Win32
		{36E989A5-CE5E-42E4-B1B2-C9A98D893C69}.Release|ARM64.ActiveCfg = Release|Win32
		{36E989A5-CE5E-42E4-B1B2-C9A98D893C69}.Release|x64.ActiveCfg = Release|x64
		{36E989A5-CE5E-42E4-B1B2-C9A98D893C69}.Release|x64.Build.0 = Release|x64
		{36E989A5-CE5E-42E4-B1B2-C9A98D893C69}.Release|x86.ActiveCfg = Release|Win32
		{36E989A5-CE5E-42E4-B1B2-C9A98D893C69}.Release|x86.Build.0 = Release|Win32
	EndGlobalSection
	GlobalSection(SolutionProperties) = preSolution
		HideSolutionNode = FALSE
	EndGlobalSection
	GlobalSection(ExtensibilityGlobals) = postSolution
		SolutionGuid = {A2E504EC-1069-4D49-9B3A-A77084931153}
	EndGlobalSection
EndGlobal
